
Microsoft Visual Studio Solution File, Format Version 12.00
# Visual Studio Version 17
VisualStudioVersion = 17.3.32901.215
MinimumVisualStudioVersion = 10.0.40219.1
Project("{FAE04EC0-301F-11D3-BF4B-00C04F79EFBC}") = "IdentifiersAndKeywords", "IdentifiersAndKeywords\IdentifiersAndKeywords.csproj", "{6C8FF9BD-0033-4403-8FA7-B728B86C56A3}"
EndProject
Global
	GlobalSection(SolutionConfigurationPlatforms) = preSolution
		Debug|Any CPU = Debug|Any CPU
		Release|Any CPU = Release|Any CPU
	EndGlobalSection
	GlobalSection(ProjectConfigurationPlatforms) = postSolution
		{6C8FF9BD-0033-4403-8FA7-B728B86C56A3}.Debug|Any CPU.ActiveCfg = Debug|Any CPU
		{6C8FF9BD-0033-4403-8FA7-B728B86C56A3}.Debug|Any CPU.Build.0 = Debug|Any CPU
		{6C8FF9BD-0033-4403-8FA7-B728B86C56A3}.Release|Any CPU.ActiveCfg = Release|Any CPU
		{6C8FF9BD-0033-4403-8FA7-B728B86C56A3}.Release|Any CPU.Build.0 = Release|Any CPU
	EndGlobalSection
	GlobalSection(SolutionProperties) = preSolution
		HideSolutionNode = FALSE
	EndGlobalSection
	GlobalSection(ExtensibilityGlobals) = postSolution
		SolutionGuid = {27345F65-E91D-4798-8EC4-752B5A6ECE62}
	EndGlobalSection
EndGlobal
